
Microsoft Visual Studio Solution File, Format Version 12.00
# Visual Studio 15
VisualStudioVersion = 15.0.28307.168
MinimumVisualStudioVersion = 10.0.40219.1
Project("{8BC9CEB8-8B4A-11D0-8D11-00A0C91BC942}") = "RoomMaze", "RoomMaze\RoomMaze.vcxproj", "{AD285C96-21AE-451D-8D38-39F74ECA9F73}"
EndProject
Global
	GlobalSection(SolutionConfigurationPlatforms) = preSolution
		Debug|x86 = Debug|x86
		Release|x86 = Release|x86
	EndGlobalSection
	GlobalSection(ProjectConfigurationPlatforms) = postSolution
		{AD285C96-21AE-451D-8D38-39F74ECA9F73}.Debug|x86.ActiveCfg = Debug|Win32
		{AD285C96-21AE-451D-8D38-39F74ECA9F73}.Debug|x86.Build.0 = Debug|Win32
		{AD285C96-21AE-451D-8D38-39F74ECA9F73}.Release|x86.ActiveCfg = Release|Win32
		{AD285C96-21AE-451D-8D38-39F74ECA9F73}.Release|x86.Build.0 = Release|Win32
	EndGlobalSection
	GlobalSection(SolutionProperties) = preSolution
		HideSolutionNode = FALSE
	EndGlobalSection
	GlobalSection(ExtensibilityGlobals) = postSolution
		SolutionGuid = {44AFAA43-B81F-400B-A0B4-943FF6FCDBF6}
	EndGlobalSection
EndGlobal
